// !$*UTF8*$!
{
	archiveVersion = 1;
	classes = {
	};
	objectVersion = 48;
	objects = {

/* Begin PBXBuildFile section */
		271716AA1F8750C5002139B9 /* Models.scnassets in Resources */ = {isa = PBXBuildFile; fileRef = 271716A91F8750C5002139B9 /* Models.scnassets */; };
		271716B11F877F0A002139B9 /* Confetti.scnp in Resources */ = {isa = PBXBuildFile; fileRef = 271716AF1F877F0A002139B9 /* Confetti.scnp */; };
		271716B21F877F0A002139B9 /* confetti.png in Resources */ = {isa = PBXBuildFile; fileRef = 271716B01F877F0A002139B9 /* confetti.png */; };
		279CED0F1F86B0040074B445 /* AppDelegate.swift in Sources */ = {isa = PBXBuildFile; fileRef = 279CED0E1F86B0040074B445 /* AppDelegate.swift */; };
		279CED111F86B0040074B445 /* ViewController.swift in Sources */ = {isa = PBXBuildFile; fileRef = 279CED101F86B0040074B445 /* ViewController.swift */; };
		279CED141F86B0040074B445 /* Main.storyboard in Resources */ = {isa = PBXBuildFile; fileRef = 279CED121F86B0040074B445 /* Main.storyboard */; };
		279CED161F86B0040074B445 /* Assets.xcassets in Resources */ = {isa = PBXBuildFile; fileRef = 279CED151F86B0040074B445 /* Assets.xcassets */; };
		279CED191F86B0040074B445 /* LaunchScreen.storyboard in Resources */ = {isa = PBXBuildFile; fileRef = 279CED171F86B0040074B445 /* LaunchScreen.storyboard */; };
/* End PBXBuildFile section */

/* Begin PBXFileReference section */
		271716A91F8750C5002139B9 /* Models.scnassets */ = {isa = PBXFileReference; lastKnownFileType = wrapper.scnassets; path = Models.scnassets; sourceTree = "<group>"; };
		271716AF1F877F0A002139B9 /* Confetti.scnp */ = {isa = PBXFileReference; lastKnownFileType = file.scp; name = Confetti.scnp; path = Models.scnassets/Confetti.scnp; sourceTree = "<group>"; };
		271716B01F877F0A002139B9 /* confetti.png */ = {isa = PBXFileReference; lastKnownFileType = image.png; name = confetti.png; path = Models.scnassets/confetti.png; sourceTree = "<group>"; };
		279CED0B1F86B0040074B445 /* ARShooter.app */ = {isa = PBXFileReference; explicitFileType = wrapper.application; includeInIndex = 0; path = ARShooter.app; sourceTree = BUILT_PRODUCTS_DIR; };
		279CED0E1F86B0040074B445 /* AppDelegate.swift */ = {isa = PBXFileReference; lastKnownFileType = sourcecode.swift; path = AppDelegate.swift; sourceTree = "<group>"; };
		279CED101F86B0040074B445 /* ViewController.swift */ = {isa = PBXFileReference; lastKnownFileType = sourcecode.swift; path = ViewController.swift; sourceTree = "<group>"; };
		279CED131F86B0040074B445 /* Base */ = {isa = PBXFileReference; lastKnownFileType = file.storyboard; name = Base; path = Base.lproj/Main.storyboard; sourceTree = "<group>"; };
		279CED151F86B0040074B445 /* Assets.xcassets */ = {isa = PBXFileReference; lastKnownFileType = folder.assetcatalog; path = Assets.xcassets; sourceTree = "<group>"; };
		279CED181F86B0040074B445 /* Base */ = {isa = PBXFileReference; lastKnownFileType = file.storyboard; name = Base; path = Base.lproj/LaunchScreen.storyboard; sourceTree = "<group>"; };
		279CED1A1F86B0040074B445 /* Info.plist */ = {isa = PBXFileReference; lastKnownFileType = text.plist.xml; path = Info.plist; sourceTree = "<group>"; };
/* End PBXFileReference section */

/* Begin PBXFrameworksBuildPhase section */
		279CED081F86B0040074B445 /* Frameworks */ = {
			isa = PBXFrameworksBuildPhase;
			buildActionMask = 2147483647;
			files = (
			);
			runOnlyForDeploymentPostprocessing = 0;
		};
/* End PBXFrameworksBuildPhase section */

/* Begin PBXGroup section */
		279CED021F86B0040074B445 = {
			isa = PBXGroup;
			children = (
				279CED0D1F86B0040074B445 /* ARShooter */,
				279CED0C1F86B0040074B445 /* Products */,
			);
			sourceTree = "<group>";
		};
		279CED0C1F86B0040074B445 /* Products */ = {
			isa = PBXGroup;
			children = (
				279CED0B1F86B0040074B445 /* ARShooter.app */,
			);
			name = Products;
			sourceTree = "<group>";
		};
		279CED0D1F86B0040074B445 /* ARShooter */ = {
			isa = PBXGroup;
			children = (
				279CED0E1F86B0040074B445 /* AppDelegate.swift */,
				271716A91F8750C5002139B9 /* Models.scnassets */,
				279CED101F86B0040074B445 /* ViewController.swift */,
				279CED121F86B0040074B445 /* Main.storyboard */,
				279CED151F86B0040074B445 /* Assets.xcassets */,
				279CED171F86B0040074B445 /* LaunchScreen.storyboard */,
				279CED1A1F86B0040074B445 /* Info.plist */,
				271716AF1F877F0A002139B9 /* Confetti.scnp */,
				271716B01F877F0A002139B9 /* confetti.png */,
			);
			path = ARShooter;
			sourceTree = "<group>";
		};
/* End PBXGroup section */

/* Begin PBXNativeTarget section */
		279CED0A1F86B0040074B445 /* ARShooter */ = {
			isa = PBXNativeTarget;
			buildConfigurationList = 279CED1D1F86B0040074B445 /* Build configuration list for PBXNativeTarget "ARShooter" */;
			buildPhases = (
				279CED071F86B0040074B445 /* Sources */,
				279CED081F86B0040074B445 /* Frameworks */,
				279CED091F86B0040074B445 /* Resources */,
			);
			buildRules = (
			);
			dependencies = (
			);
			name = ARShooter;
			productName = ARKit_Boilerplate_Code;
			productReference = 279CED0B1F86B0040074B445 /* ARShooter.app */;
			productType = "com.apple.product-type.application";
		};
/* End PBXNativeTarget section */

/* Begin PBXProject section */
		279CED031F86B0040074B445 /* Project object */ = {
			isa = PBXProject;
			attributes = {
				LastSwiftUpdateCheck = 0900;
				LastUpgradeCheck = 0900;
				ORGANIZATIONNAME = "Lodge Farm Apps";
				TargetAttributes = {
					279CED0A1F86B0040074B445 = {
						CreatedOnToolsVersion = 9.0;
						ProvisioningStyle = Automatic;
					};
				};
			};
			buildConfigurationList = 279CED061F86B0040074B445 /* Build configuration list for PBXProject "ARShooter" */;
			compatibilityVersion = "Xcode 8.0";
			developmentRegion = en;
			hasScannedForEncodings = 0;
			knownRegions = (
				en,
				Base,
			);
			mainGroup = 279CED021F86B0040074B445;
			productRefGroup = 279CED0C1F86B0040074B445 /* Products */;
			projectDirPath = "";
			projectRoot = "";
			targets = (
				279CED0A1F86B0040074B445 /* ARShooter */,
			);
		};
/* End PBXProject section */

/* Begin PBXResourcesBuildPhase section */
		279CED091F86B0040074B445 /* Resources */ = {
			isa = PBXResourcesBuildPhase;
			buildActionMask = 2147483647;
			files = (
				279CED191F86B0040074B445 /* LaunchScreen.storyboard in Resources */,
				271716AA1F8750C5002139B9 /* Models.scnassets in Resources */,
				279CED161F86B0040074B445 /* Assets.xcassets in Resources */,
				271716B11F877F0A002139B9 /* Confetti.scnp in Resources */,
				279CED141F86B0040074B445 /* Main.storyboard in Resources */,
				271716B21F877F0A002139B9 /* confetti.png in Resources */,
			);
			runOnlyForDeploymentPostprocessing = 0;
		};
/* End PBXResourcesBuildPhase section */

/* Begin PBXSourcesBuildPhase section */
		279CED071F86B0040074B445 /* Sources */ = {
			isa = PBXSourcesBuildPhase;
			buildActionMask = 2147483647;
			files = (
				279CED111F86B0040074B445 /* ViewController.swift in Sources */,
				279CED0F1F86B0040074B445 /* AppDelegate.swift in Sources */,
			);
			runOnlyForDeploymentPostprocessing = 0;
		};
/* End PBXSourcesBuildPhase section */

/* Begin PBXVariantGroup section */
		279CED121F86B0040074B445 /* Main.storyboard */ = {
			isa = PBXVariantGroup;
			children = (
				279CED131F86B0040074B445 /* Base */,
			);
			name = Main.storyboard;
			sourceTree = "<group>";
		};
		279CED171F86B0040074B445 /* LaunchScreen.storyboard */ = {
			isa = PBXVariantGroup;
			children = (
				279CED181F86B0040074B445 /* Base */,
			);
			name = LaunchScreen.storyboard;
			sourceTree = "<group>";
		};
/* End PBXVariantGroup section */

/* Begin XCBuildConfiguration section */
		279CED1B1F86B0040074B445 /* Debug */ = {
			isa = XCBuildConfiguration;
			buildSettings = {
				ALWAYS_SEARCH_USER_PATHS = NO;
				CLANG_ANALYZER_NONNULL = YES;
				CLANG_ANALYZER_NUMBER_OBJECT_CONVERSION = YES_AGGRESSIVE;
				CLANG_CXX_LANGUAGE_STANDARD = "gnu++14";
				CLANG_CXX_LIBRARY = "libc++";
				CLANG_ENABLE_MODULES = YES;
				CLANG_ENABLE_OBJC_ARC = YES;
				CLANG_WARN_BLOCK_CAPTURE_AUTORELEASING = YES;
				CLANG_WARN_BOOL_CONVERSION = YES;
				CLANG_WARN_COMMA = YES;
				CLANG_WARN_CONSTANT_CONVERSION = YES;
				CLANG_WARN_DIRECT_OBJC_ISA_USAGE = YES_ERROR;
				CLANG_WARN_DOCUMENTATION_COMMENTS = YES;
				CLANG_WARN_EMPTY_BODY = YES;
				CLANG_WARN_ENUM_CONVERSION = YES;
				CLANG_WARN_INFINITE_RECURSION = YES;
				CLANG_WARN_INT_CONVERSION = YES;
				CLANG_WARN_NON_LITERAL_NULL_CONVERSION = YES;
				CLANG_WARN_OBJC_LITERAL_CONVERSION = YES;
				CLANG_WARN_OBJC_ROOT_CLASS = YES_ERROR;
				CLANG_WARN_RANGE_LOOP_ANALYSIS = YES;
				CLANG_WARN_STRICT_PROTOTYPES = YES;
				CLANG_WARN_SUSPICIOUS_MOVE = YES;
				CLANG_WARN_UNGUARDED_AVAILABILITY = YES_AGGRESSIVE;
				CLANG_WARN_UNREACHABLE_CODE = YES;
				CLANG_WARN__DUPLICATE_METHOD_MATCH = YES;
				CODE_SIGN_IDENTITY = "iPhone Developer";
				COPY_PHASE_STRIP = NO;
				DEBUG_INFORMATION_FORMAT = dwarf;
				ENABLE_STRICT_OBJC_MSGSEND = YES;
				ENABLE_TESTABILITY = YES;
				GCC_C_LANGUAGE_STANDARD = gnu11;
				GCC_DYNAMIC_NO_PIC = NO;
				GCC_NO_COMMON_BLOCKS = YES;
				GCC_OPTIMIZATION_LEVEL = 0;
				GCC_PREPROCESSOR_DEFINITIONS = (
					"DEBUG=1",
					"$(inherited)",
				);
				GCC_WARN_64_TO_32_BIT_CONVERSION = YES;
				GCC_WARN_ABOUT_RETURN_TYPE = YES_ERROR;
				GCC_WARN_UNDECLARED_SELECTOR = YES;
				GCC_WARN_UNINITIALIZED_AUTOS = YES_AGGRESSIVE;
				GCC_WARN_UNUSED_FUNCTION = YES;
				GCC_WARN_UNUSED_VARIABLE = YES;
				IPHONEOS_DEPLOYMENT_TARGET = 11.0;
				MTL_ENABLE_DEBUG_INFO = YES;
				ONLY_ACTIVE_ARCH = YES;
				SDKROOT = iphoneos;
				SWIFT_ACTIVE_COMPILATION_CONDITIONS = DEBUG;
				SWIFT_OPTIMIZATION_LEVEL = "-Onone";
			};
			name = Debug;
		};
		279CED1C1F86B0040074B445 /* Release */ = {
			isa = XCBuildConfiguration;
			buildSettings = {
				ALWAYS_SEARCH_USER_PATHS = NO;
				CLANG_ANALYZER_NONNULL = YES;
				CLANG_ANALYZER_NUMBER_OBJECT_CONVERSION = YES_AGGRESSIVE;
				CLANG_CXX_LANGUAGE_STANDARD = "gnu++14";
				CLANG_CXX_LIBRARY = "libc++";
				CLANG_ENABLE_MODULES = YES;
				CLANG_ENABLE_OBJC_ARC = YES;
				CLANG_WARN_BLOCK_CAPTURE_AUTORELEASING = YES;
				CLANG_WARN_BOOL_CONVERSION = YES;
				CLANG_WARN_COMMA = YES;
				CLANG_WARN_CONSTANT_CONVERSION = YES;
				CLANG_WARN_DIRECT_OBJC_ISA_USAGE = YES_ERROR;
				CLANG_WARN_DOCUMENTATION_COMMENTS = YES;
				CLANG_WARN_EMPTY_BODY = YES;
				CLANG_WARN_ENUM_CONVERSION = YES;
				CLANG_WARN_INFINITE_RECURSION = YES;
				CLANG_WARN_INT_CONVERSION = YES;
				CLANG_WARN_NON_LITERAL_NULL_CONVERSION = YES;
				CLANG_WARN_OBJC_LITERAL_CONVERSION = YES;
				CLANG_WARN_OBJC_ROOT_CLASS = YES_ERROR;
				CLANG_WARN_RANGE_LOOP_ANALYSIS = YES;
				CLANG_WARN_STRICT_PROTOTYPES = YES;
				CLANG_WARN_SUSPICIOUS_MOVE = YES;
				CLANG_WARN_UNGUARDED_AVAILABILITY = YES_AGGRESSIVE;
				CLANG_WARN_UNREACHABLE_CODE = YES;
				CLANG_WARN__DUPLICATE_METHOD_MATCH = YES;
				CODE_SIGN_IDENTITY = "iPhone Developer";
				COPY_PHASE_STRIP = NO;
				DEBUG_INFORMATION_FORMAT = "dwarf-with-dsym";
				ENABLE_NS_ASSERTIONS = NO;
				ENABLE_STRICT_OBJC_MSGSEND = YES;
				GCC_C_LANGUAGE_STANDARD = gnu11;
				GCC_NO_COMMON_BLOCKS = YES;
				GCC_WARN_64_TO_32_BIT_CONVERSION = YES;
				GCC_WARN_ABOUT_RETURN_TYPE = YES_ERROR;
				GCC_WARN_UNDECLARED_SELECTOR = YES;
				GCC_WARN_UNINITIALIZED_AUTOS = YES_AGGRESSIVE;
				GCC_WARN_UNUSED_FUNCTION = YES;
				GCC_WARN_UNUSED_VARIABLE = YES;
				IPHONEOS_DEPLOYMENT_TARGET = 11.0;
				MTL_ENABLE_DEBUG_INFO = NO;
				SDKROOT = iphoneos;
				SWIFT_OPTIMIZATION_LEVEL = "-Owholemodule";
				VALIDATE_PRODUCT = YES;
			};
			name = Release;
		};
		279CED1E1F86B0040074B445 /* Debug */ = {
			isa = XCBuildConfiguration;
			buildSettings = {
				ASSETCATALOG_COMPILER_APPICON_NAME = AppIcon;
				CODE_SIGN_STYLE = Automatic;
				DEVELOPMENT_TEAM = 4WU9L65MXB;
				INFOPLIST_FILE = "$(SRCROOT)/ARShooter/Info.plist";
				LD_RUNPATH_SEARCH_PATHS = "$(inherited) @executable_path/Frameworks";
				PRODUCT_BUNDLE_IDENTIFIER = "com.FarmLodge.ARKit-Boilerplate-Code";
				PRODUCT_NAME = "$(TARGET_NAME)";
				SWIFT_VERSION = 4.0;
				TARGETED_DEVICE_FAMILY = "1,2";
			};
			name = Debug;
		};
		279CED1F1F86B0040074B445 /* Release */ = {
			isa = XCBuildConfiguration;
			buildSettings = {
				ASSETCATALOG_COMPILER_APPICON_NAME = AppIcon;
				CODE_SIGN_STYLE = Automatic;
				DEVELOPMENT_TEAM = 4WU9L65MXB;
				INFOPLIST_FILE = "$(SRCROOT)/ARShooter/Info.plist";
				LD_RUNPATH_SEARCH_PATHS = "$(inherited) @executable_path/Frameworks";
				PRODUCT_BUNDLE_IDENTIFIER = "com.FarmLodge.ARKit-Boilerplate-Code";
				PRODUCT_NAME = "$(TARGET_NAME)";
				SWIFT_VERSION = 4.0;
				TARGETED_DEVICE_FAMILY = "1,2";
			};
			name = Release;
		};
/* End XCBuildConfiguration section */

/* Begin XCConfigurationList section */
		279CED061F86B0040074B445 /* Build configuration list for PBXProject "ARShooter" */ = {
			isa = XCConfigurationList;
			buildConfigurations = (
				279CED1B1F86B0040074B445 /* Debug */,
				279CED1C1F86B0040074B445 /* Release */,
			);
			defaultConfigurationIsVisible = 0;
			defaultConfigurationName = Release;
		};
		279CED1D1F86B0040074B445 /* Build configuration list for PBXNativeTarget "ARShooter" */ = {
			isa = XCConfigurationList;
			buildConfigurations = (
				279CED1E1F86B0040074B445 /* Debug */,
				279CED1F1F86B0040074B445 /* Release */,
			);
			defaultConfigurationIsVisible = 0;
			defaultConfigurationName = Release;
		};
/* End XCConfigurationList section */
	};
	rootObject = 279CED031F86B0040074B445 /* Project object */;
}
